
Microsoft Visual Studio Solution File, Format Version 12.00
# Visual Studio Version 16
VisualStudioVersion = 16.0.30128.74
MinimumVisualStudioVersion = 10.0.40219.1
Project("{FAE04EC0-301F-11D3-BF4B-00C04F79EFBC}") = "WatchShop", "WatchShop\WatchShop.csproj", "{8696F56A-7018-4794-9855-8CFD0954F50E}"
EndProject
Global
	GlobalSection(SolutionConfigurationPlatforms) = preSolution
		Debug|Any CPU = Debug|Any CPU
		Release|Any CPU = Release|Any CPU
	EndGlobalSection
	GlobalSection(ProjectConfigurationPlatforms) = postSolution
		{8696F56A-7018-4794-9855-8CFD0954F50E}.Debug|Any CPU.ActiveCfg = Debug|Any CPU
		{8696F56A-7018-4794-9855-8CFD0954F50E}.Debug|Any CPU.Build.0 = Debug|Any CPU
		{8696F56A-7018-4794-9855-8CFD0954F50E}.Release|Any CPU.ActiveCfg = Release|Any CPU
		{8696F56A-7018-4794-9855-8CFD0954F50E}.Release|Any CPU.Build.0 = Release|Any CPU
	EndGlobalSection
	GlobalSection(SolutionProperties) = preSolution
		HideSolutionNode = FALSE
	EndGlobalSection
	GlobalSection(ExtensibilityGlobals) = postSolution
		SolutionGuid = {19C725CF-7311-4F67-9FFA-286F1F4FDA55}
	EndGlobalSection
EndGlobal
